
Microsoft Visual Studio Solution File, Format Version 12.00
# Visual Studio 15
VisualStudioVersion = 15.0.26730.16
MinimumVisualStudioVersion = 10.0.40219.1
Project("{FAE04EC0-301F-11D3-BF4B-00C04F79EFBC}") = "LS.Sdk", "LS.Sdk\LS.Sdk.csproj", "{A28F2129-FD22-4E7E-A17B-D2340DBB227E}"
EndProject
Global
	GlobalSection(SolutionConfigurationPlatforms) = preSolution
		Debug|Any CPU = Debug|Any CPU
		Release|Any CPU = Release|Any CPU
	EndGlobalSection
	GlobalSection(ProjectConfigurationPlatforms) = postSolution
		{A28F2129-FD22-4E7E-A17B-D2340DBB227E}.Debug|Any CPU.ActiveCfg = Debug|Any CPU
		{A28F2129-FD22-4E7E-A17B-D2340DBB227E}.Debug|Any CPU.Build.0 = Debug|Any CPU
		{A28F2129-FD22-4E7E-A17B-D2340DBB227E}.Release|Any CPU.ActiveCfg = Release|Any CPU
		{A28F2129-FD22-4E7E-A17B-D2340DBB227E}.Release|Any CPU.Build.0 = Release|Any CPU
	EndGlobalSection
	GlobalSection(SolutionProperties) = preSolution
		HideSolutionNode = FALSE
	EndGlobalSection
	GlobalSection(ExtensibilityGlobals) = postSolution
		SolutionGuid = {00D3786F-050D-41DE-A52B-008C11E2182E}
	EndGlobalSection
EndGlobal
