
Microsoft Visual Studio Solution File, Format Version 12.00
# Visual Studio 15
VisualStudioVersion = 15.0.26730.16
MinimumVisualStudioVersion = 10.0.40219.1
Project("{FAE04EC0-301F-11D3-BF4B-00C04F79EFBC}") = "LS.ZhaoFa", "LS.ZhaoFa\LS.ZhaoFa.csproj", "{12F69242-1051-47A2-9A48-4BFC42AF329C}"
EndProject
Project("{FAE04EC0-301F-11D3-BF4B-00C04F79EFBC}") = "LS.Sdk", "..\LS.Sdk\LS.Sdk\LS.Sdk.csproj", "{A28F2129-FD22-4E7E-A17B-D2340DBB227E}"
EndProject
Project("{FAE04EC0-301F-11D3-BF4B-00C04F79EFBC}") = "LS.UtilityTools", "..\LS.UtilityTools\LS.UtilityTools\LS.UtilityTools.csproj", "{4EC28DB4-2B0A-437E-A9B9-10A45EFC469F}"
EndProject
Project("{2150E333-8FDC-42A3-9474-1A3956D46DE8}") = "9.Utility", "9.Utility", "{8152BE6F-8218-4B62-A67C-FF6935BB1F14}"
EndProject
Project("{2150E333-8FDC-42A3-9474-1A3956D46DE8}") = "8.Sdk", "8.Sdk", "{ADB78B68-4F53-432E-9D43-050F2FEA3026}"
EndProject
Project("{2150E333-8FDC-42A3-9474-1A3956D46DE8}") = "3.Api", "3.Api", "{30653980-E9AD-4A40-A160-C89F7BE827C3}"
EndProject
Project("{2150E333-8FDC-42A3-9474-1A3956D46DE8}") = "0.DBServer", "0.DBServer", "{EB62D15C-2FB8-4FE6-A2A3-9CE379AA3B7F}"
EndProject
Project("{2150E333-8FDC-42A3-9474-1A3956D46DE8}") = "2.BusinessServer", "2.BusinessServer", "{B4523709-93B2-489B-8789-111E932EBEE9}"
EndProject
Project("{FAE04EC0-301F-11D3-BF4B-00C04F79EFBC}") = "LS.DBServer", "LS.DBServer\LS.DBServer.csproj", "{FB76D334-6B0F-4652-8CBD-BCD956078672}"
EndProject
Project("{FAE04EC0-301F-11D3-BF4B-00C04F79EFBC}") = "LS.BusinessServer", "LS.BusinessServer\LS.BusinessServer.csproj", "{CC411506-E346-4050-8246-01C0B559F896}"
EndProject
Project("{2150E333-8FDC-42A3-9474-1A3956D46DE8}") = "4.UnitTest", "4.UnitTest", "{D3D682CE-3032-4F11-8259-D177F7BFD7E1}"
EndProject
Project("{FAE04EC0-301F-11D3-BF4B-00C04F79EFBC}") = "LS.ZhaoFaUnit", "LS.ZhaoFaUnit\LS.ZhaoFaUnit.csproj", "{B569D358-424A-4905-BF22-37A4EEB5DE04}"
EndProject
Global
	GlobalSection(SolutionConfigurationPlatforms) = preSolution
		Debug|Any CPU = Debug|Any CPU
		Release|Any CPU = Release|Any CPU
	EndGlobalSection
	GlobalSection(ProjectConfigurationPlatforms) = postSolution
		{12F69242-1051-47A2-9A48-4BFC42AF329C}.Debug|Any CPU.ActiveCfg = Debug|Any CPU
		{12F69242-1051-47A2-9A48-4BFC42AF329C}.Debug|Any CPU.Build.0 = Debug|Any CPU
		{12F69242-1051-47A2-9A48-4BFC42AF329C}.Release|Any CPU.ActiveCfg = Release|Any CPU
		{12F69242-1051-47A2-9A48-4BFC42AF329C}.Release|Any CPU.Build.0 = Release|Any CPU
		{A28F2129-FD22-4E7E-A17B-D2340DBB227E}.Debug|Any CPU.ActiveCfg = Debug|Any CPU
		{A28F2129-FD22-4E7E-A17B-D2340DBB227E}.Debug|Any CPU.Build.0 = Debug|Any CPU
		{A28F2129-FD22-4E7E-A17B-D2340DBB227E}.Release|Any CPU.ActiveCfg = Release|Any CPU
		{A28F2129-FD22-4E7E-A17B-D2340DBB227E}.Release|Any CPU.Build.0 = Release|Any CPU
		{4EC28DB4-2B0A-437E-A9B9-10A45EFC469F}.Debug|Any CPU.ActiveCfg = Debug|Any CPU
		{4EC28DB4-2B0A-437E-A9B9-10A45EFC469F}.Debug|Any CPU.Build.0 = Debug|Any CPU
		{4EC28DB4-2B0A-437E-A9B9-10A45EFC469F}.Release|Any CPU.ActiveCfg = Release|Any CPU
		{4EC28DB4-2B0A-437E-A9B9-10A45EFC469F}.Release|Any CPU.Build.0 = Release|Any CPU
		{FB76D334-6B0F-4652-8CBD-BCD956078672}.Debug|Any CPU.ActiveCfg = Debug|Any CPU
		{FB76D334-6B0F-4652-8CBD-BCD956078672}.Debug|Any CPU.Build.0 = Debug|Any CPU
		{FB76D334-6B0F-4652-8CBD-BCD956078672}.Release|Any CPU.ActiveCfg = Release|Any CPU
		{FB76D334-6B0F-4652-8CBD-BCD956078672}.Release|Any CPU.Build.0 = Release|Any CPU
		{CC411506-E346-4050-8246-01C0B559F896}.Debug|Any CPU.ActiveCfg = Debug|Any CPU
		{CC411506-E346-4050-8246-01C0B559F896}.Debug|Any CPU.Build.0 = Debug|Any CPU
		{CC411506-E346-4050-8246-01C0B559F896}.Release|Any CPU.ActiveCfg = Release|Any CPU
		{CC411506-E346-4050-8246-01C0B559F896}.Release|Any CPU.Build.0 = Release|Any CPU
		{B569D358-424A-4905-BF22-37A4EEB5DE04}.Debug|Any CPU.ActiveCfg = Debug|Any CPU
		{B569D358-424A-4905-BF22-37A4EEB5DE04}.Debug|Any CPU.Build.0 = Debug|Any CPU
		{B569D358-424A-4905-BF22-37A4EEB5DE04}.Release|Any CPU.ActiveCfg = Release|Any CPU
		{B569D358-424A-4905-BF22-37A4EEB5DE04}.Release|Any CPU.Build.0 = Release|Any CPU
	EndGlobalSection
	GlobalSection(SolutionProperties) = preSolution
		HideSolutionNode = FALSE
	EndGlobalSection
	GlobalSection(NestedProjects) = preSolution
		{12F69242-1051-47A2-9A48-4BFC42AF329C} = {30653980-E9AD-4A40-A160-C89F7BE827C3}
		{A28F2129-FD22-4E7E-A17B-D2340DBB227E} = {ADB78B68-4F53-432E-9D43-050F2FEA3026}
		{4EC28DB4-2B0A-437E-A9B9-10A45EFC469F} = {8152BE6F-8218-4B62-A67C-FF6935BB1F14}
		{FB76D334-6B0F-4652-8CBD-BCD956078672} = {EB62D15C-2FB8-4FE6-A2A3-9CE379AA3B7F}
		{CC411506-E346-4050-8246-01C0B559F896} = {B4523709-93B2-489B-8789-111E932EBEE9}
		{B569D358-424A-4905-BF22-37A4EEB5DE04} = {D3D682CE-3032-4F11-8259-D177F7BFD7E1}
	EndGlobalSection
	GlobalSection(ExtensibilityGlobals) = postSolution
		SolutionGuid = {D9A1B218-FB9C-42DF-BDF9-5D46069B2AA6}
	EndGlobalSection
EndGlobal
